{
  "requires": true,
  "lockfileVersion": 1,
  "dependencies": {
    "cryptr": {
      "version": "6.0.1",
      "resolved": "https://registry.npmjs.org/cryptr/-/cryptr-6.0.1.tgz",
      "integrity": "sha512-PD9twTbG18KfCeEkgEM6BrorTLMt+koQQ6/czeELvSFYeaE9nU9+u6cElZgul+Zbt3o5LGi6UWSTkmgiqK1lIA=="
    },
    "fs": {
      "version": "0.0.1-security",
      "resolved": "https://registry.npmjs.org/fs/-/fs-0.0.1-security.tgz",
      "integrity": "sha1-invTcYa23d84E/I4WLV+yq9eQdQ="
    },
    "readline": {
      "version": "1.3.0",
      "resolved": "https://registry.npmjs.org/readline/-/readline-1.3.0.tgz",
      "integrity": "sha1-xYDXfvLPyHUrEySYBg3JeTp6wBw="
    }
  }
}
